// !$*UTF8*$!
{
	archiveVersion = 1;
	classes = {
	};
	objectVersion = 56;
	objects = {

/* Begin PBXBuildFile section */
		43561C692AEA8CF200918A7F /* train_window_appApp.swift in Sources */ = {isa = PBXBuildFile; fileRef = 43561C682AEA8CF200918A7F /* train_window_appApp.swift */; };
		43561C6B2AEA8CF200918A7F /* ContentView.swift in Sources */ = {isa = PBXBuildFile; fileRef = 43561C6A2AEA8CF200918A7F /* ContentView.swift */; };
		43561C6D2AEA8CF300918A7F /* Assets.xcassets in Resources */ = {isa = PBXBuildFile; fileRef = 43561C6C2AEA8CF300918A7F /* Assets.xcassets */; };
		43561C702AEA8CF300918A7F /* Preview Assets.xcassets in Resources */ = {isa = PBXBuildFile; fileRef = 43561C6F2AEA8CF300918A7F /* Preview Assets.xcassets */; };
		43561C772AEA8EF700918A7F /* HomePageView.swift in Sources */ = {isa = PBXBuildFile; fileRef = 43561C762AEA8EF700918A7F /* HomePageView.swift */; };
		43561C7C2AEA910700918A7F /* MapPageView.swift in Sources */ = {isa = PBXBuildFile; fileRef = 43561C7B2AEA910700918A7F /* MapPageView.swift */; };
		43561C7E2AEA914C00918A7F /* SharePageView.swift in Sources */ = {isa = PBXBuildFile; fileRef = 43561C7D2AEA914C00918A7F /* SharePageView.swift */; };
		43561C802AEA98EB00918A7F /* GoogleService-Info.plist in Resources */ = {isa = PBXBuildFile; fileRef = 43561C7F2AEA98EB00918A7F /* GoogleService-Info.plist */; };
		43561C832AEA9A0400918A7F /* FirebaseAnalytics in Frameworks */ = {isa = PBXBuildFile; productRef = 43561C822AEA9A0400918A7F /* FirebaseAnalytics */; };
		43561C852AEAAABC00918A7F /* SampleModel.swift in Sources */ = {isa = PBXBuildFile; fileRef = 43561C842AEAAABC00918A7F /* SampleModel.swift */; };
		43561C872AEACA5D00918A7F /* SharePageViewModel.swift in Sources */ = {isa = PBXBuildFile; fileRef = 43561C862AEACA5D00918A7F /* SharePageViewModel.swift */; };
		43561C8A2AEACE1D00918A7F /* HTTPConnect.swift in Sources */ = {isa = PBXBuildFile; fileRef = 43561C892AEACE1D00918A7F /* HTTPConnect.swift */; };
		43561C902AEB4C3800918A7F /* Alamofire in Frameworks */ = {isa = PBXBuildFile; productRef = 43561C8F2AEB4C3800918A7F /* Alamofire */; };
/* End PBXBuildFile section */

/* Begin PBXFileReference section */
		43561C652AEA8CF200918A7F /* train-window-app.app */ = {isa = PBXFileReference; explicitFileType = wrapper.application; includeInIndex = 0; path = "train-window-app.app"; sourceTree = BUILT_PRODUCTS_DIR; };
		43561C682AEA8CF200918A7F /* train_window_appApp.swift */ = {isa = PBXFileReference; lastKnownFileType = sourcecode.swift; path = train_window_appApp.swift; sourceTree = "<group>"; };
		43561C6A2AEA8CF200918A7F /* ContentView.swift */ = {isa = PBXFileReference; lastKnownFileType = sourcecode.swift; path = ContentView.swift; sourceTree = "<group>"; };
		43561C6C2AEA8CF300918A7F /* Assets.xcassets */ = {isa = PBXFileReference; lastKnownFileType = folder.assetcatalog; path = Assets.xcassets; sourceTree = "<group>"; };
		43561C6F2AEA8CF300918A7F /* Preview Assets.xcassets */ = {isa = PBXFileReference; lastKnownFileType = folder.assetcatalog; path = "Preview Assets.xcassets"; sourceTree = "<group>"; };
		43561C762AEA8EF700918A7F /* HomePageView.swift */ = {isa = PBXFileReference; lastKnownFileType = sourcecode.swift; path = HomePageView.swift; sourceTree = "<group>"; };
		43561C7B2AEA910700918A7F /* MapPageView.swift */ = {isa = PBXFileReference; lastKnownFileType = sourcecode.swift; path = MapPageView.swift; sourceTree = "<group>"; };
		43561C7D2AEA914C00918A7F /* SharePageView.swift */ = {isa = PBXFileReference; lastKnownFileType = sourcecode.swift; path = SharePageView.swift; sourceTree = "<group>"; };
		43561C7F2AEA98EB00918A7F /* GoogleService-Info.plist */ = {isa = PBXFileReference; fileEncoding = 4; lastKnownFileType = text.plist.xml; path = "GoogleService-Info.plist"; sourceTree = "<group>"; };
		43561C842AEAAABC00918A7F /* SampleModel.swift */ = {isa = PBXFileReference; lastKnownFileType = sourcecode.swift; path = SampleModel.swift; sourceTree = "<group>"; };
		43561C862AEACA5D00918A7F /* SharePageViewModel.swift */ = {isa = PBXFileReference; lastKnownFileType = sourcecode.swift; path = SharePageViewModel.swift; sourceTree = "<group>"; };
		43561C892AEACE1D00918A7F /* HTTPConnect.swift */ = {isa = PBXFileReference; lastKnownFileType = sourcecode.swift; path = HTTPConnect.swift; sourceTree = "<group>"; };
/* End PBXFileReference section */

/* Begin PBXFrameworksBuildPhase section */
		43561C622AEA8CF200918A7F /* Frameworks */ = {
			isa = PBXFrameworksBuildPhase;
			buildActionMask = 2147483647;
			files = (
				43561C902AEB4C3800918A7F /* Alamofire in Frameworks */,
				43561C832AEA9A0400918A7F /* FirebaseAnalytics in Frameworks */,
			);
			runOnlyForDeploymentPostprocessing = 0;
		};
/* End PBXFrameworksBuildPhase section */

/* Begin PBXGroup section */
		43561C5C2AEA8CF200918A7F = {
			isa = PBXGroup;
			children = (
				43561C672AEA8CF200918A7F /* train-window-app */,
				43561C662AEA8CF200918A7F /* Products */,
			);
			sourceTree = "<group>";
		};
		43561C662AEA8CF200918A7F /* Products */ = {
			isa = PBXGroup;
			children = (
				43561C652AEA8CF200918A7F /* train-window-app.app */,
			);
			name = Products;
			sourceTree = "<group>";
		};
		43561C672AEA8CF200918A7F /* train-window-app */ = {
			isa = PBXGroup;
			children = (
				43561C7F2AEA98EB00918A7F /* GoogleService-Info.plist */,
				43561C682AEA8CF200918A7F /* train_window_appApp.swift */,
				43561C6A2AEA8CF200918A7F /* ContentView.swift */,
				43561C882AEACE0C00918A7F /* Infra */,
				43561C7A2AEA8F1200918A7F /* Model */,
				43561C792AEA8F0A00918A7F /* ViewModel */,
				43561C782AEA8EFC00918A7F /* View */,
				43561C6C2AEA8CF300918A7F /* Assets.xcassets */,
				43561C6E2AEA8CF300918A7F /* Preview Content */,
			);
			path = "train-window-app";
			sourceTree = "<group>";
		};
		43561C6E2AEA8CF300918A7F /* Preview Content */ = {
			isa = PBXGroup;
			children = (
				43561C6F2AEA8CF300918A7F /* Preview Assets.xcassets */,
			);
			path = "Preview Content";
			sourceTree = "<group>";
		};
		43561C782AEA8EFC00918A7F /* View */ = {
			isa = PBXGroup;
			children = (
				43561C762AEA8EF700918A7F /* HomePageView.swift */,
				43561C7D2AEA914C00918A7F /* SharePageView.swift */,
				43561C7B2AEA910700918A7F /* MapPageView.swift */,
			);
			path = View;
			sourceTree = "<group>";
		};
		43561C792AEA8F0A00918A7F /* ViewModel */ = {
			isa = PBXGroup;
			children = (
				43561C862AEACA5D00918A7F /* SharePageViewModel.swift */,
			);
			path = ViewModel;
			sourceTree = "<group>";
		};
		43561C7A2AEA8F1200918A7F /* Model */ = {
			isa = PBXGroup;
			children = (
				43561C842AEAAABC00918A7F /* SampleModel.swift */,
			);
			path = Model;
			sourceTree = "<group>";
		};
		43561C882AEACE0C00918A7F /* Infra */ = {
			isa = PBXGroup;
			children = (
				43561C892AEACE1D00918A7F /* HTTPConnect.swift */,
			);
			path = Infra;
			sourceTree = "<group>";
		};
/* End PBXGroup section */

/* Begin PBXNativeTarget section */
		43561C642AEA8CF200918A7F /* train-window-app */ = {
			isa = PBXNativeTarget;
			buildConfigurationList = 43561C732AEA8CF300918A7F /* Build configuration list for PBXNativeTarget "train-window-app" */;
			buildPhases = (
				43561C612AEA8CF200918A7F /* Sources */,
				43561C622AEA8CF200918A7F /* Frameworks */,
				43561C632AEA8CF200918A7F /* Resources */,
			);
			buildRules = (
			);
			dependencies = (
			);
			name = "train-window-app";
			packageProductDependencies = (
				43561C822AEA9A0400918A7F /* FirebaseAnalytics */,
				43561C8F2AEB4C3800918A7F /* Alamofire */,
			);
			productName = "train-window-app";
			productReference = 43561C652AEA8CF200918A7F /* train-window-app.app */;
			productType = "com.apple.product-type.application";
		};
/* End PBXNativeTarget section */

/* Begin PBXProject section */
		43561C5D2AEA8CF200918A7F /* Project object */ = {
			isa = PBXProject;
			attributes = {
				BuildIndependentTargetsInParallel = 1;
				LastSwiftUpdateCheck = 1430;
				LastUpgradeCheck = 1430;
				TargetAttributes = {
					43561C642AEA8CF200918A7F = {
						CreatedOnToolsVersion = 14.3.1;
					};
				};
			};
			buildConfigurationList = 43561C602AEA8CF200918A7F /* Build configuration list for PBXProject "train-window-app" */;
			compatibilityVersion = "Xcode 14.0";
			developmentRegion = en;
			hasScannedForEncodings = 0;
			knownRegions = (
				en,
				Base,
			);
			mainGroup = 43561C5C2AEA8CF200918A7F;
			packageReferences = (
				43561C812AEA9A0400918A7F /* XCRemoteSwiftPackageReference "firebase-ios-sdk" */,
				43561C8E2AEB4C3800918A7F /* XCRemoteSwiftPackageReference "Alamofire" */,
			);
			productRefGroup = 43561C662AEA8CF200918A7F /* Products */;
			projectDirPath = "";
			projectRoot = "";
			targets = (
				43561C642AEA8CF200918A7F /* train-window-app */,
			);
		};
/* End PBXProject section */

/* Begin PBXResourcesBuildPhase section */
		43561C632AEA8CF200918A7F /* Resources */ = {
			isa = PBXResourcesBuildPhase;
			buildActionMask = 2147483647;
			files = (
				43561C702AEA8CF300918A7F /* Preview Assets.xcassets in Resources */,
				43561C6D2AEA8CF300918A7F /* Assets.xcassets in Resources */,
				43561C802AEA98EB00918A7F /* GoogleService-Info.plist in Resources */,
			);
			runOnlyForDeploymentPostprocessing = 0;
		};
/* End PBXResourcesBuildPhase section */

/* Begin PBXSourcesBuildPhase section */
		43561C612AEA8CF200918A7F /* Sources */ = {
			isa = PBXSourcesBuildPhase;
			buildActionMask = 2147483647;
			files = (
				43561C7E2AEA914C00918A7F /* SharePageView.swift in Sources */,
				43561C852AEAAABC00918A7F /* SampleModel.swift in Sources */,
				43561C6B2AEA8CF200918A7F /* ContentView.swift in Sources */,
				43561C772AEA8EF700918A7F /* HomePageView.swift in Sources */,
				43561C7C2AEA910700918A7F /* MapPageView.swift in Sources */,
				43561C692AEA8CF200918A7F /* train_window_appApp.swift in Sources */,
				43561C8A2AEACE1D00918A7F /* HTTPConnect.swift in Sources */,
				43561C872AEACA5D00918A7F /* SharePageViewModel.swift in Sources */,
			);
			runOnlyForDeploymentPostprocessing = 0;
		};
/* End PBXSourcesBuildPhase section */

/* Begin XCBuildConfiguration section */
		43561C712AEA8CF300918A7F /* Debug */ = {
			isa = XCBuildConfiguration;
			buildSettings = {
				ALWAYS_SEARCH_USER_PATHS = NO;
				CLANG_ANALYZER_NONNULL = YES;
				CLANG_ANALYZER_NUMBER_OBJECT_CONVERSION = YES_AGGRESSIVE;
				CLANG_CXX_LANGUAGE_STANDARD = "gnu++20";
				CLANG_ENABLE_MODULES = YES;
				CLANG_ENABLE_OBJC_ARC = YES;
				CLANG_ENABLE_OBJC_WEAK = YES;
				CLANG_WARN_BLOCK_CAPTURE_AUTORELEASING = YES;
				CLANG_WARN_BOOL_CONVERSION = YES;
				CLANG_WARN_COMMA = YES;
				CLANG_WARN_CONSTANT_CONVERSION = YES;
				CLANG_WARN_DEPRECATED_OBJC_IMPLEMENTATIONS = YES;
				CLANG_WARN_DIRECT_OBJC_ISA_USAGE = YES_ERROR;
				CLANG_WARN_DOCUMENTATION_COMMENTS = YES;
				CLANG_WARN_EMPTY_BODY = YES;
				CLANG_WARN_ENUM_CONVERSION = YES;
				CLANG_WARN_INFINITE_RECURSION = YES;
				CLANG_WARN_INT_CONVERSION = YES;
				CLANG_WARN_NON_LITERAL_NULL_CONVERSION = YES;
				CLANG_WARN_OBJC_IMPLICIT_RETAIN_SELF = YES;
				CLANG_WARN_OBJC_LITERAL_CONVERSION = YES;
				CLANG_WARN_OBJC_ROOT_CLASS = YES_ERROR;
				CLANG_WARN_QUOTED_INCLUDE_IN_FRAMEWORK_HEADER = YES;
				CLANG_WARN_RANGE_LOOP_ANALYSIS = YES;
				CLANG_WARN_STRICT_PROTOTYPES = YES;
				CLANG_WARN_SUSPICIOUS_MOVE = YES;
				CLANG_WARN_UNGUARDED_AVAILABILITY = YES_AGGRESSIVE;
				CLANG_WARN_UNREACHABLE_CODE = YES;
				CLANG_WARN__DUPLICATE_METHOD_MATCH = YES;
				COPY_PHASE_STRIP = NO;
				DEBUG_INFORMATION_FORMAT = dwarf;
				ENABLE_STRICT_OBJC_MSGSEND = YES;
				ENABLE_TESTABILITY = YES;
				GCC_C_LANGUAGE_STANDARD = gnu11;
				GCC_DYNAMIC_NO_PIC = NO;
				GCC_NO_COMMON_BLOCKS = YES;
				GCC_OPTIMIZATION_LEVEL = 0;
				GCC_PREPROCESSOR_DEFINITIONS = (
					"DEBUG=1",
					"$(inherited)",
				);
				GCC_WARN_64_TO_32_BIT_CONVERSION = YES;
				GCC_WARN_ABOUT_RETURN_TYPE = YES_ERROR;
				GCC_WARN_UNDECLARED_SELECTOR = YES;
				GCC_WARN_UNINITIALIZED_AUTOS = YES_AGGRESSIVE;
				GCC_WARN_UNUSED_FUNCTION = YES;
				GCC_WARN_UNUSED_VARIABLE = YES;
				IPHONEOS_DEPLOYMENT_TARGET = 16.4;
				MTL_ENABLE_DEBUG_INFO = INCLUDE_SOURCE;
				MTL_FAST_MATH = YES;
				ONLY_ACTIVE_ARCH = YES;
				SDKROOT = iphoneos;
				SWIFT_ACTIVE_COMPILATION_CONDITIONS = DEBUG;
				SWIFT_OPTIMIZATION_LEVEL = "-Onone";
			};
			name = Debug;
		};
		43561C722AEA8CF300918A7F /* Release */ = {
			isa = XCBuildConfiguration;
			buildSettings = {
				ALWAYS_SEARCH_USER_PATHS = NO;
				CLANG_ANALYZER_NONNULL = YES;
				CLANG_ANALYZER_NUMBER_OBJECT_CONVERSION = YES_AGGRESSIVE;
				CLANG_CXX_LANGUAGE_STANDARD = "gnu++20";
				CLANG_ENABLE_MODULES = YES;
				CLANG_ENABLE_OBJC_ARC = YES;
				CLANG_ENABLE_OBJC_WEAK = YES;
				CLANG_WARN_BLOCK_CAPTURE_AUTORELEASING = YES;
				CLANG_WARN_BOOL_CONVERSION = YES;
				CLANG_WARN_COMMA = YES;
				CLANG_WARN_CONSTANT_CONVERSION = YES;
				CLANG_WARN_DEPRECATED_OBJC_IMPLEMENTATIONS = YES;
				CLANG_WARN_DIRECT_OBJC_ISA_USAGE = YES_ERROR;
				CLANG_WARN_DOCUMENTATION_COMMENTS = YES;
				CLANG_WARN_EMPTY_BODY = YES;
				CLANG_WARN_ENUM_CONVERSION = YES;
				CLANG_WARN_INFINITE_RECURSION = YES;
				CLANG_WARN_INT_CONVERSION = YES;
				CLANG_WARN_NON_LITERAL_NULL_CONVERSION = YES;
				CLANG_WARN_OBJC_IMPLICIT_RETAIN_SELF = YES;
				CLANG_WARN_OBJC_LITERAL_CONVERSION = YES;
				CLANG_WARN_OBJC_ROOT_CLASS = YES_ERROR;
				CLANG_WARN_QUOTED_INCLUDE_IN_FRAMEWORK_HEADER = YES;
				CLANG_WARN_RANGE_LOOP_ANALYSIS = YES;
				CLANG_WARN_STRICT_PROTOTYPES = YES;
				CLANG_WARN_SUSPICIOUS_MOVE = YES;
				CLANG_WARN_UNGUARDED_AVAILABILITY = YES_AGGRESSIVE;
				CLANG_WARN_UNREACHABLE_CODE = YES;
				CLANG_WARN__DUPLICATE_METHOD_MATCH = YES;
				COPY_PHASE_STRIP = NO;
				DEBUG_INFORMATION_FORMAT = "dwarf-with-dsym";
				ENABLE_NS_ASSERTIONS = NO;
				ENABLE_STRICT_OBJC_MSGSEND = YES;
				GCC_C_LANGUAGE_STANDARD = gnu11;
				GCC_NO_COMMON_BLOCKS = YES;
				GCC_WARN_64_TO_32_BIT_CONVERSION = YES;
				GCC_WARN_ABOUT_RETURN_TYPE = YES_ERROR;
				GCC_WARN_UNDECLARED_SELECTOR = YES;
				GCC_WARN_UNINITIALIZED_AUTOS = YES_AGGRESSIVE;
				GCC_WARN_UNUSED_FUNCTION = YES;
				GCC_WARN_UNUSED_VARIABLE = YES;
				IPHONEOS_DEPLOYMENT_TARGET = 16.4;
				MTL_ENABLE_DEBUG_INFO = NO;
				MTL_FAST_MATH = YES;
				SDKROOT = iphoneos;
				SWIFT_COMPILATION_MODE = wholemodule;
				SWIFT_OPTIMIZATION_LEVEL = "-O";
				VALIDATE_PRODUCT = YES;
			};
			name = Release;
		};
		43561C742AEA8CF300918A7F /* Debug */ = {
			isa = XCBuildConfiguration;
			buildSettings = {
				ASSETCATALOG_COMPILER_APPICON_NAME = AppIcon;
				ASSETCATALOG_COMPILER_GLOBAL_ACCENT_COLOR_NAME = AccentColor;
				CODE_SIGN_STYLE = Automatic;
				CURRENT_PROJECT_VERSION = 1;
				DEVELOPMENT_ASSET_PATHS = "\"train-window-app/Preview Content\"";
				DEVELOPMENT_TEAM = 78SJ87KXAM;
				ENABLE_PREVIEWS = YES;
				GENERATE_INFOPLIST_FILE = YES;
				INFOPLIST_KEY_UIApplicationSceneManifest_Generation = YES;
				INFOPLIST_KEY_UIApplicationSupportsIndirectInputEvents = YES;
				INFOPLIST_KEY_UILaunchScreen_Generation = YES;
				INFOPLIST_KEY_UISupportedInterfaceOrientations_iPad = "UIInterfaceOrientationPortrait UIInterfaceOrientationPortraitUpsideDown UIInterfaceOrientationLandscapeLeft UIInterfaceOrientationLandscapeRight";
				INFOPLIST_KEY_UISupportedInterfaceOrientations_iPhone = "UIInterfaceOrientationPortrait UIInterfaceOrientationLandscapeLeft UIInterfaceOrientationLandscapeRight";
				LD_RUNPATH_SEARCH_PATHS = (
					"$(inherited)",
					"@executable_path/Frameworks",
				);
				MARKETING_VERSION = 1.0;
				PRODUCT_BUNDLE_IDENTIFIER = "com.mochi-yu.train-window-app";
				PRODUCT_NAME = "$(TARGET_NAME)";
				SWIFT_EMIT_LOC_STRINGS = YES;
				SWIFT_VERSION = 5.0;
				TARGETED_DEVICE_FAMILY = "1,2";
			};
			name = Debug;
		};
		43561C752AEA8CF300918A7F /* Release */ = {
			isa = XCBuildConfiguration;
			buildSettings = {
				ASSETCATALOG_COMPILER_APPICON_NAME = AppIcon;
				ASSETCATALOG_COMPILER_GLOBAL_ACCENT_COLOR_NAME = AccentColor;
				CODE_SIGN_STYLE = Automatic;
				CURRENT_PROJECT_VERSION = 1;
				DEVELOPMENT_ASSET_PATHS = "\"train-window-app/Preview Content\"";
				DEVELOPMENT_TEAM = 78SJ87KXAM;
				ENABLE_PREVIEWS = YES;
				GENERATE_INFOPLIST_FILE = YES;
				INFOPLIST_KEY_UIApplicationSceneManifest_Generation = YES;
				INFOPLIST_KEY_UIApplicationSupportsIndirectInputEvents = YES;
				INFOPLIST_KEY_UILaunchScreen_Generation = YES;
				INFOPLIST_KEY_UISupportedInterfaceOrientations_iPad = "UIInterfaceOrientationPortrait UIInterfaceOrientationPortraitUpsideDown UIInterfaceOrientationLandscapeLeft UIInterfaceOrientationLandscapeRight";
				INFOPLIST_KEY_UISupportedInterfaceOrientations_iPhone = "UIInterfaceOrientationPortrait UIInterfaceOrientationLandscapeLeft UIInterfaceOrientationLandscapeRight";
				LD_RUNPATH_SEARCH_PATHS = (
					"$(inherited)",
					"@executable_path/Frameworks",
				);
				MARKETING_VERSION = 1.0;
				PRODUCT_BUNDLE_IDENTIFIER = "com.mochi-yu.train-window-app";
				PRODUCT_NAME = "$(TARGET_NAME)";
				SWIFT_EMIT_LOC_STRINGS = YES;
				SWIFT_VERSION = 5.0;
				TARGETED_DEVICE_FAMILY = "1,2";
			};
			name = Release;
		};
/* End XCBuildConfiguration section */

/* Begin XCConfigurationList section */
		43561C602AEA8CF200918A7F /* Build configuration list for PBXProject "train-window-app" */ = {
			isa = XCConfigurationList;
			buildConfigurations = (
				43561C712AEA8CF300918A7F /* Debug */,
				43561C722AEA8CF300918A7F /* Release */,
			);
			defaultConfigurationIsVisible = 0;
			defaultConfigurationName = Release;
		};
		43561C732AEA8CF300918A7F /* Build configuration list for PBXNativeTarget "train-window-app" */ = {
			isa = XCConfigurationList;
			buildConfigurations = (
				43561C742AEA8CF300918A7F /* Debug */,
				43561C752AEA8CF300918A7F /* Release */,
			);
			defaultConfigurationIsVisible = 0;
			defaultConfigurationName = Release;
		};
/* End XCConfigurationList section */

/* Begin XCRemoteSwiftPackageReference section */
		43561C812AEA9A0400918A7F /* XCRemoteSwiftPackageReference "firebase-ios-sdk" */ = {
			isa = XCRemoteSwiftPackageReference;
			repositoryURL = "https://github.com/firebase/firebase-ios-sdk";
			requirement = {
				kind = upToNextMajorVersion;
				minimumVersion = 10.0.0;
			};
		};
		43561C8E2AEB4C3800918A7F /* XCRemoteSwiftPackageReference "Alamofire" */ = {
			isa = XCRemoteSwiftPackageReference;
			repositoryURL = "https://github.com/Alamofire/Alamofire.git";
			requirement = {
				kind = upToNextMajorVersion;
				minimumVersion = 5.0.0;
			};
		};
/* End XCRemoteSwiftPackageReference section */

/* Begin XCSwiftPackageProductDependency section */
		43561C822AEA9A0400918A7F /* FirebaseAnalytics */ = {
			isa = XCSwiftPackageProductDependency;
			package = 43561C812AEA9A0400918A7F /* XCRemoteSwiftPackageReference "firebase-ios-sdk" */;
			productName = FirebaseAnalytics;
		};
		43561C8F2AEB4C3800918A7F /* Alamofire */ = {
			isa = XCSwiftPackageProductDependency;
			package = 43561C8E2AEB4C3800918A7F /* XCRemoteSwiftPackageReference "Alamofire" */;
			productName = Alamofire;
		};
/* End XCSwiftPackageProductDependency section */
	};
	rootObject = 43561C5D2AEA8CF200918A7F /* Project object */;
}
